
Microsoft Visual Studio Solution File, Format Version 12.00
# Visual Studio Version 16
VisualStudioVersion = 16.0.28803.352
MinimumVisualStudioVersion = 15.0.26124.0
Project("{9A19103F-16F7-4668-BE54-9A1E7A4F7556}") = "Useful", "Useful\Useful.csproj", "{6822E75E-BD1D-4E6F-A336-15E83529F9B5}"
EndProject
Project("{9A19103F-16F7-4668-BE54-9A1E7A4F7556}") = "Useful.Json", "Useful.Json\Useful.Json.csproj", "{FFF8AAFC-A843-4763-9C53-26D04E8E2822}"
EndProject
Project("{FAE04EC0-301F-11D3-BF4B-00C04F79EFBC}") = "Useful.Tests", "Useful.Tests\Useful.Tests.csproj", "{D67DC9C1-FBBF-4D0D-B15B-3B465900EE0E}"
EndProject
Global
	GlobalSection(SolutionConfigurationPlatforms) = preSolution
		Debug|Any CPU = Debug|Any CPU
		Debug|x64 = Debug|x64
		Debug|x86 = Debug|x86
		Release|Any CPU = Release|Any CPU
		Release|x64 = Release|x64
		Release|x86 = Release|x86
	EndGlobalSection
	GlobalSection(ProjectConfigurationPlatforms) = postSolution
		{6822E75E-BD1D-4E6F-A336-15E83529F9B5}.Debug|Any CPU.ActiveCfg = Debug|Any CPU
		{6822E75E-BD1D-4E6F-A336-15E83529F9B5}.Debug|Any CPU.Build.0 = Debug|Any CPU
		{6822E75E-BD1D-4E6F-A336-15E83529F9B5}.Debug|x64.ActiveCfg = Debug|Any CPU
		{6822E75E-BD1D-4E6F-A336-15E83529F9B5}.Debug|x64.Build.0 = Debug|Any CPU
		{6822E75E-BD1D-4E6F-A336-15E83529F9B5}.Debug|x86.ActiveCfg = Debug|Any CPU
		{6822E75E-BD1D-4E6F-A336-15E83529F9B5}.Debug|x86.Build.0 = Debug|Any CPU
		{6822E75E-BD1D-4E6F-A336-15E83529F9B5}.Release|Any CPU.ActiveCfg = Release|Any CPU
		{6822E75E-BD1D-4E6F-A336-15E83529F9B5}.Release|Any CPU.Build.0 = Release|Any CPU
		{6822E75E-BD1D-4E6F-A336-15E83529F9B5}.Release|x64.ActiveCfg = Release|Any CPU
		{6822E75E-BD1D-4E6F-A336-15E83529F9B5}.Release|x64.Build.0 = Release|Any CPU
		{6822E75E-BD1D-4E6F-A336-15E83529F9B5}.Release|x86.ActiveCfg = Release|Any CPU
		{6822E75E-BD1D-4E6F-A336-15E83529F9B5}.Release|x86.Build.0 = Release|Any CPU
		{FFF8AAFC-A843-4763-9C53-26D04E8E2822}.Debug|Any CPU.ActiveCfg = Debug|Any CPU
		{FFF8AAFC-A843-4763-9C53-26D04E8E2822}.Debug|Any CPU.Build.0 = Debug|Any CPU
		{FFF8AAFC-A843-4763-9C53-26D04E8E2822}.Debug|x64.ActiveCfg = Debug|Any CPU
		{FFF8AAFC-A843-4763-9C53-26D04E8E2822}.Debug|x64.Build.0 = Debug|Any CPU
		{FFF8AAFC-A843-4763-9C53-26D04E8E2822}.Debug|x86.ActiveCfg = Debug|Any CPU
		{FFF8AAFC-A843-4763-9C53-26D04E8E2822}.Debug|x86.Build.0 = Debug|Any CPU
		{FFF8AAFC-A843-4763-9C53-26D04E8E2822}.Release|Any CPU.ActiveCfg = Release|Any CPU
		{FFF8AAFC-A843-4763-9C53-26D04E8E2822}.Release|Any CPU.Build.0 = Release|Any CPU
		{FFF8AAFC-A843-4763-9C53-26D04E8E2822}.Release|x64.ActiveCfg = Release|Any CPU
		{FFF8AAFC-A843-4763-9C53-26D04E8E2822}.Release|x64.Build.0 = Release|Any CPU
		{FFF8AAFC-A843-4763-9C53-26D04E8E2822}.Release|x86.ActiveCfg = Release|Any CPU
		{FFF8AAFC-A843-4763-9C53-26D04E8E2822}.Release|x86.Build.0 = Release|Any CPU
		{D67DC9C1-FBBF-4D0D-B15B-3B465900EE0E}.Debug|Any CPU.ActiveCfg = Debug|Any CPU
		{D67DC9C1-FBBF-4D0D-B15B-3B465900EE0E}.Debug|Any CPU.Build.0 = Debug|Any CPU
		{D67DC9C1-FBBF-4D0D-B15B-3B465900EE0E}.Debug|x64.ActiveCfg = Debug|Any CPU
		{D67DC9C1-FBBF-4D0D-B15B-3B465900EE0E}.Debug|x64.Build.0 = Debug|Any CPU
		{D67DC9C1-FBBF-4D0D-B15B-3B465900EE0E}.Debug|x86.ActiveCfg = Debug|Any CPU
		{D67DC9C1-FBBF-4D0D-B15B-3B465900EE0E}.Debug|x86.Build.0 = Debug|Any CPU
		{D67DC9C1-FBBF-4D0D-B15B-3B465900EE0E}.Release|Any CPU.ActiveCfg = Release|Any CPU
		{D67DC9C1-FBBF-4D0D-B15B-3B465900EE0E}.Release|Any CPU.Build.0 = Release|Any CPU
		{D67DC9C1-FBBF-4D0D-B15B-3B465900EE0E}.Release|x64.ActiveCfg = Release|Any CPU
		{D67DC9C1-FBBF-4D0D-B15B-3B465900EE0E}.Release|x64.Build.0 = Release|Any CPU
		{D67DC9C1-FBBF-4D0D-B15B-3B465900EE0E}.Release|x86.ActiveCfg = Release|Any CPU
		{D67DC9C1-FBBF-4D0D-B15B-3B465900EE0E}.Release|x86.Build.0 = Release|Any CPU
	EndGlobalSection
	GlobalSection(SolutionProperties) = preSolution
		HideSolutionNode = FALSE
	EndGlobalSection
	GlobalSection(ExtensibilityGlobals) = postSolution
		SolutionGuid = {910CB306-1EAA-4281-A876-FE64A9BD8902}
	EndGlobalSection
EndGlobal
