
Microsoft Visual Studio Solution File, Format Version 12.00
# Visual Studio Version 16
VisualStudioVersion = 16.0.30114.105
MinimumVisualStudioVersion = 10.0.40219.1
Project("{9A19103F-16F7-4668-BE54-9A1E7A4F7556}") = "Useful.Tiles", "Useful.Tiles.csproj", "{69184CD8-0BAE-40FB-9DD0-C57E4E6FF2D1}"
EndProject
Project("{9A19103F-16F7-4668-BE54-9A1E7A4F7556}") = "Useful.Tests", "..\Useful.Tests\Useful.Tests.csproj", "{1F2F4491-0DDE-4B2A-BB03-8A9A8D8F0673}"
EndProject
Global
	GlobalSection(SolutionConfigurationPlatforms) = preSolution
		Debug|Any CPU = Debug|Any CPU
		Release|Any CPU = Release|Any CPU
	EndGlobalSection
	GlobalSection(ProjectConfigurationPlatforms) = postSolution
		{69184CD8-0BAE-40FB-9DD0-C57E4E6FF2D1}.Debug|Any CPU.ActiveCfg = Debug|Any CPU
		{69184CD8-0BAE-40FB-9DD0-C57E4E6FF2D1}.Debug|Any CPU.Build.0 = Debug|Any CPU
		{69184CD8-0BAE-40FB-9DD0-C57E4E6FF2D1}.Release|Any CPU.ActiveCfg = Release|Any CPU
		{69184CD8-0BAE-40FB-9DD0-C57E4E6FF2D1}.Release|Any CPU.Build.0 = Release|Any CPU
		{1F2F4491-0DDE-4B2A-BB03-8A9A8D8F0673}.Debug|Any CPU.ActiveCfg = Debug|Any CPU
		{1F2F4491-0DDE-4B2A-BB03-8A9A8D8F0673}.Debug|Any CPU.Build.0 = Debug|Any CPU
		{1F2F4491-0DDE-4B2A-BB03-8A9A8D8F0673}.Release|Any CPU.ActiveCfg = Release|Any CPU
		{1F2F4491-0DDE-4B2A-BB03-8A9A8D8F0673}.Release|Any CPU.Build.0 = Release|Any CPU
	EndGlobalSection
	GlobalSection(SolutionProperties) = preSolution
		HideSolutionNode = FALSE
	EndGlobalSection
	GlobalSection(ExtensibilityGlobals) = postSolution
		SolutionGuid = {9031845A-0BF8-4657-86E0-AC08D376B436}
	EndGlobalSection
EndGlobal
