
Microsoft Visual Studio Solution File, Format Version 12.00
# Visual Studio Version 16
VisualStudioVersion = 16.0.30114.105
MinimumVisualStudioVersion = 10.0.40219.1
Project("{9A19103F-16F7-4668-BE54-9A1E7A4F7556}") = "ConsolePrompt", "ConsolePrompt.csproj", "{1B61B5B6-1918-43DD-888C-399AC27F7E42}"
EndProject
Project("{9A19103F-16F7-4668-BE54-9A1E7A4F7556}") = "Useful.Prompt", "..\..\Useful.Prompt\Useful.Prompt.csproj", "{B302C4AE-58B7-4D70-8142-EBEE7623112E}"
EndProject
Global
	GlobalSection(SolutionConfigurationPlatforms) = preSolution
		Debug|Any CPU = Debug|Any CPU
		Release|Any CPU = Release|Any CPU
	EndGlobalSection
	GlobalSection(ProjectConfigurationPlatforms) = postSolution
		{1B61B5B6-1918-43DD-888C-399AC27F7E42}.Debug|Any CPU.ActiveCfg = Debug|Any CPU
		{1B61B5B6-1918-43DD-888C-399AC27F7E42}.Debug|Any CPU.Build.0 = Debug|Any CPU
		{1B61B5B6-1918-43DD-888C-399AC27F7E42}.Release|Any CPU.ActiveCfg = Release|Any CPU
		{1B61B5B6-1918-43DD-888C-399AC27F7E42}.Release|Any CPU.Build.0 = Release|Any CPU
		{B302C4AE-58B7-4D70-8142-EBEE7623112E}.Debug|Any CPU.ActiveCfg = Debug|Any CPU
		{B302C4AE-58B7-4D70-8142-EBEE7623112E}.Debug|Any CPU.Build.0 = Debug|Any CPU
		{B302C4AE-58B7-4D70-8142-EBEE7623112E}.Release|Any CPU.ActiveCfg = Release|Any CPU
		{B302C4AE-58B7-4D70-8142-EBEE7623112E}.Release|Any CPU.Build.0 = Release|Any CPU
	EndGlobalSection
	GlobalSection(SolutionProperties) = preSolution
		HideSolutionNode = FALSE
	EndGlobalSection
	GlobalSection(ExtensibilityGlobals) = postSolution
		SolutionGuid = {E7841C73-08A3-4FFB-9AD9-3E3B021EF963}
	EndGlobalSection
EndGlobal
